
Microsoft Visual Studio Solution File, Format Version 12.00
# Visual Studio Version 17
VisualStudioVersion = 17.9.34728.123
MinimumVisualStudioVersion = 10.0.40219.1
Project("{F184B08F-C81C-45F6-A57F-5ABD9991F28F}") = "SecondSolution", "SecondSolution.vbproj", "{98894BA1-DEE1-4170-95E8-6C84B024E732}"
EndProject
Global
	GlobalSection(SolutionConfigurationPlatforms) = preSolution
		Debug|Any CPU = Debug|Any CPU
		Release|Any CPU = Release|Any CPU
	EndGlobalSection
	GlobalSection(ProjectConfigurationPlatforms) = postSolution
		{98894BA1-DEE1-4170-95E8-6C84B024E732}.Debug|Any CPU.ActiveCfg = Debug|Any CPU
		{98894BA1-DEE1-4170-95E8-6C84B024E732}.Debug|Any CPU.Build.0 = Debug|Any CPU
		{98894BA1-DEE1-4170-95E8-6C84B024E732}.Release|Any CPU.ActiveCfg = Release|Any CPU
		{98894BA1-DEE1-4170-95E8-6C84B024E732}.Release|Any CPU.Build.0 = Release|Any CPU
	EndGlobalSection
	GlobalSection(SolutionProperties) = preSolution
		HideSolutionNode = FALSE
	EndGlobalSection
	GlobalSection(ExtensibilityGlobals) = postSolution
		SolutionGuid = {903697EA-8D58-4772-9881-1B083DDF8090}
	EndGlobalSection
EndGlobal
